
Microsoft Visual Studio Solution File, Format Version 12.00
# Visual Studio 15
VisualStudioVersion = 15.0.28307.329
MinimumVisualStudioVersion = 10.0.40219.1
Project("{FAE04EC0-301F-11D3-BF4B-00C04F79EFBC}") = "A", "A\A.csproj", "{BACB6CA3-B2DB-4738-BBD8-F84CAC7BDEFD}"
EndProject
Global
	GlobalSection(SolutionConfigurationPlatforms) = preSolution
		Debug|Any CPU = Debug|Any CPU
		Release|Any CPU = Release|Any CPU
	EndGlobalSection
	GlobalSection(ProjectConfigurationPlatforms) = postSolution
		{BACB6CA3-B2DB-4738-BBD8-F84CAC7BDEFD}.Debug|Any CPU.ActiveCfg = Debug|Any CPU
		{BACB6CA3-B2DB-4738-BBD8-F84CAC7BDEFD}.Debug|Any CPU.Build.0 = Debug|Any CPU
		{BACB6CA3-B2DB-4738-BBD8-F84CAC7BDEFD}.Release|Any CPU.ActiveCfg = Release|Any CPU
		{BACB6CA3-B2DB-4738-BBD8-F84CAC7BDEFD}.Release|Any CPU.Build.0 = Release|Any CPU
	EndGlobalSection
	GlobalSection(SolutionProperties) = preSolution
		HideSolutionNode = FALSE
	EndGlobalSection
	GlobalSection(ExtensibilityGlobals) = postSolution
		SolutionGuid = {26D756A3-E324-4ADB-A22A-6CA8DC86076F}
	EndGlobalSection
EndGlobal
